// !$*UTF8*$!
{
	archiveVersion = 1;
	classes = {
	};
	objectVersion = 46;
	objects = {

/* Begin PBXBuildFile section */
		D201AA0918DC2ED200E5F26D /* MJTestObject2.m in Sources */ = {isa = PBXBuildFile; fileRef = D201AA0818DC2ED200E5F26D /* MJTestObject2.m */; };
		D21D6FB218D7470D000E620B /* InfoPlist.strings in Resources */ = {isa = PBXBuildFile; fileRef = D21D6FB018D7470D000E620B /* InfoPlist.strings */; };
		D21D6FB518D74717000E620B /* NSObject+Motis.m in Sources */ = {isa = PBXBuildFile; fileRef = D21D6FB418D74717000E620B /* NSObject+Motis.m */; };
		D259644819017D670055799F /* Twitter.framework in Frameworks */ = {isa = PBXBuildFile; fileRef = D259644719017D670055799F /* Twitter.framework */; };
		D2A0544418D8A5B80050DE68 /* XCTest.framework in Frameworks */ = {isa = PBXBuildFile; fileRef = D2C3464F18959EF2005B6B5C /* XCTest.framework */; };
		D2A0544518D8A5B80050DE68 /* Foundation.framework in Frameworks */ = {isa = PBXBuildFile; fileRef = D2C3463618959EF2005B6B5C /* Foundation.framework */; };
		D2A0544618D8A5B80050DE68 /* UIKit.framework in Frameworks */ = {isa = PBXBuildFile; fileRef = D2C3463A18959EF2005B6B5C /* UIKit.framework */; };
		D2A0544C18D8A5B80050DE68 /* InfoPlist.strings in Resources */ = {isa = PBXBuildFile; fileRef = D2A0544A18D8A5B80050DE68 /* InfoPlist.strings */; };
		D2A0544E18D8A5B80050DE68 /* MJValidationTest.m in Sources */ = {isa = PBXBuildFile; fileRef = D2A0544D18D8A5B80050DE68 /* MJValidationTest.m */; };
		D2A0545718D8A5CE0050DE68 /* MJTestObject.m in Sources */ = {isa = PBXBuildFile; fileRef = D2A0545618D8A5CE0050DE68 /* MJTestObject.m */; };
		D2B776D2191B959500CC9B4F /* MJCompany.m in Sources */ = {isa = PBXBuildFile; fileRef = D2B776C8191B959500CC9B4F /* MJCompany.m */; };
		D2B776D3191B959500CC9B4F /* MJCountry.m in Sources */ = {isa = PBXBuildFile; fileRef = D2B776CA191B959500CC9B4F /* MJCountry.m */; };
		D2B776D4191B959500CC9B4F /* MJParser.m in Sources */ = {isa = PBXBuildFile; fileRef = D2B776CC191B959500CC9B4F /* MJParser.m */; };
		D2B776D5191B959500CC9B4F /* MJPerson.m in Sources */ = {isa = PBXBuildFile; fileRef = D2B776CE191B959500CC9B4F /* MJPerson.m */; };
		D2B776D6191B959500CC9B4F /* MJProject.m in Sources */ = {isa = PBXBuildFile; fileRef = D2B776D0191B959500CC9B4F /* MJProject.m */; };
		D2B776D7191B959500CC9B4F /* data_25MB.json in Resources */ = {isa = PBXBuildFile; fileRef = D2B776D1191B959500CC9B4F /* data_25MB.json */; };
		D2B776DA191B95EA00CC9B4F /* MJPerformanceTest.m in Sources */ = {isa = PBXBuildFile; fileRef = D2B776D9191B95EA00CC9B4F /* MJPerformanceTest.m */; };
		D2C3463718959EF2005B6B5C /* Foundation.framework in Frameworks */ = {isa = PBXBuildFile; fileRef = D2C3463618959EF2005B6B5C /* Foundation.framework */; };
		D2C3463918959EF2005B6B5C /* CoreGraphics.framework in Frameworks */ = {isa = PBXBuildFile; fileRef = D2C3463818959EF2005B6B5C /* CoreGraphics.framework */; };
		D2C3463B18959EF2005B6B5C /* UIKit.framework in Frameworks */ = {isa = PBXBuildFile; fileRef = D2C3463A18959EF2005B6B5C /* UIKit.framework */; };
		D2DF757D18D746A800163BA8 /* MJAppDelegate.m in Sources */ = {isa = PBXBuildFile; fileRef = D2DF757818D746A800163BA8 /* MJAppDelegate.m */; };
		D2DF757E18D746A800163BA8 /* MJUser.m in Sources */ = {isa = PBXBuildFile; fileRef = D2DF757A18D746A800163BA8 /* MJUser.m */; };
		D2DF757F18D746A800163BA8 /* MJVideo.m in Sources */ = {isa = PBXBuildFile; fileRef = D2DF757C18D746A800163BA8 /* MJVideo.m */; };
		D2DF758118D746AF00163BA8 /* Images.xcassets in Resources */ = {isa = PBXBuildFile; fileRef = D2DF758018D746AF00163BA8 /* Images.xcassets */; };
		D2DF758518D746C200163BA8 /* main.m in Sources */ = {isa = PBXBuildFile; fileRef = D2DF758218D746C200163BA8 /* main.m */; };
		D2E3E030190E8D82002BD141 /* MJHierarchyTest.m in Sources */ = {isa = PBXBuildFile; fileRef = D2E3E02F190E8D82002BD141 /* MJHierarchyTest.m */; };
		D2E3E034190E8D9E002BD141 /* MJParentObject.m in Sources */ = {isa = PBXBuildFile; fileRef = D2E3E033190E8D9E002BD141 /* MJParentObject.m */; };
		D2E3E038190E8DBF002BD141 /* MJChildA.m in Sources */ = {isa = PBXBuildFile; fileRef = D2E3E037190E8DBF002BD141 /* MJChildA.m */; };
		D2E3E03B190E8DCA002BD141 /* MJChildB.m in Sources */ = {isa = PBXBuildFile; fileRef = D2E3E03A190E8DCA002BD141 /* MJChildB.m */; };
/* End PBXBuildFile section */

/* Begin PBXContainerItemProxy section */
		D2A0545018D8A5B80050DE68 /* PBXContainerItemProxy */ = {
			isa = PBXContainerItemProxy;
			containerPortal = D2C3462B18959EF2005B6B5C /* Project object */;
			proxyType = 1;
			remoteGlobalIDString = D2C3463218959EF2005B6B5C;
			remoteInfo = Motis;
		};
/* End PBXContainerItemProxy section */

/* Begin PBXFileReference section */
		8758B81E18FD289C00666680 /* Motis.h */ = {isa = PBXFileReference; fileEncoding = 4; lastKnownFileType = sourcecode.c.h; name = Motis.h; path = ../../Motis.h; sourceTree = "<group>"; };
		D201AA0718DC2ED200E5F26D /* MJTestObject2.h */ = {isa = PBXFileReference; fileEncoding = 4; lastKnownFileType = sourcecode.c.h; path = MJTestObject2.h; sourceTree = "<group>"; };
		D201AA0818DC2ED200E5F26D /* MJTestObject2.m */ = {isa = PBXFileReference; fileEncoding = 4; lastKnownFileType = sourcecode.c.objc; path = MJTestObject2.m; sourceTree = "<group>"; };
		D21D6FB118D7470D000E620B /* en */ = {isa = PBXFileReference; lastKnownFileType = text.plist.strings; name = en; path = InfoPlist.strings; sourceTree = "<group>"; };
		D21D6FB318D74717000E620B /* NSObject+Motis.h */ = {isa = PBXFileReference; fileEncoding = 4; lastKnownFileType = sourcecode.c.h; name = "NSObject+Motis.h"; path = "../../NSObject+Motis.h"; sourceTree = "<group>"; };
		D21D6FB418D74717000E620B /* NSObject+Motis.m */ = {isa = PBXFileReference; fileEncoding = 4; lastKnownFileType = sourcecode.c.objc; name = "NSObject+Motis.m"; path = "../../NSObject+Motis.m"; sourceTree = "<group>"; };
		D259644719017D670055799F /* Twitter.framework */ = {isa = PBXFileReference; lastKnownFileType = wrapper.framework; name = Twitter.framework; path = System/Library/Frameworks/Twitter.framework; sourceTree = SDKROOT; };
		D2A0544318D8A5B80050DE68 /* Motis Tests.xctest */ = {isa = PBXFileReference; explicitFileType = wrapper.cfbundle; includeInIndex = 0; path = "Motis Tests.xctest"; sourceTree = BUILT_PRODUCTS_DIR; };
		D2A0544918D8A5B80050DE68 /* Motis Tests-Info.plist */ = {isa = PBXFileReference; lastKnownFileType = text.plist.xml; path = "Motis Tests-Info.plist"; sourceTree = "<group>"; };
		D2A0544B18D8A5B80050DE68 /* en */ = {isa = PBXFileReference; lastKnownFileType = text.plist.strings; name = en; path = en.lproj/InfoPlist.strings; sourceTree = "<group>"; };
		D2A0544D18D8A5B80050DE68 /* MJValidationTest.m */ = {isa = PBXFileReference; lastKnownFileType = sourcecode.c.objc; path = MJValidationTest.m; sourceTree = "<group>"; };
		D2A0544F18D8A5B80050DE68 /* Motis Tests-Prefix.pch */ = {isa = PBXFileReference; lastKnownFileType = sourcecode.c.h; path = "Motis Tests-Prefix.pch"; sourceTree = "<group>"; };
		D2A0545518D8A5CE0050DE68 /* MJTestObject.h */ = {isa = PBXFileReference; fileEncoding = 4; lastKnownFileType = sourcecode.c.h; path = MJTestObject.h; sourceTree = "<group>"; };
		D2A0545618D8A5CE0050DE68 /* MJTestObject.m */ = {isa = PBXFileReference; fileEncoding = 4; lastKnownFileType = sourcecode.c.objc; path = MJTestObject.m; sourceTree = "<group>"; };
		D2B776BF191B945400CC9B4F /* Motis copy-Info.plist */ = {isa = PBXFileReference; lastKnownFileType = text.plist.xml; name = "Motis copy-Info.plist"; path = "/Users/martinhj/Documents/MobileJazz/repos/Motis/SampleProject/Motis copy-Info.plist"; sourceTree = "<absolute>"; };
		D2B776C7191B959500CC9B4F /* MJCompany.h */ = {isa = PBXFileReference; fileEncoding = 4; lastKnownFileType = sourcecode.c.h; path = MJCompany.h; sourceTree = "<group>"; };
		D2B776C8191B959500CC9B4F /* MJCompany.m */ = {isa = PBXFileReference; fileEncoding = 4; lastKnownFileType = sourcecode.c.objc; path = MJCompany.m; sourceTree = "<group>"; };
		D2B776C9191B959500CC9B4F /* MJCountry.h */ = {isa = PBXFileReference; fileEncoding = 4; lastKnownFileType = sourcecode.c.h; path = MJCountry.h; sourceTree = "<group>"; };
		D2B776CA191B959500CC9B4F /* MJCountry.m */ = {isa = PBXFileReference; fileEncoding = 4; lastKnownFileType = sourcecode.c.objc; path = MJCountry.m; sourceTree = "<group>"; };
		D2B776CB191B959500CC9B4F /* MJParser.h */ = {isa = PBXFileReference; fileEncoding = 4; lastKnownFileType = sourcecode.c.h; path = MJParser.h; sourceTree = "<group>"; };
		D2B776CC191B959500CC9B4F /* MJParser.m */ = {isa = PBXFileReference; fileEncoding = 4; lastKnownFileType = sourcecode.c.objc; path = MJParser.m; sourceTree = "<group>"; };
		D2B776CD191B959500CC9B4F /* MJPerson.h */ = {isa = PBXFileReference; fileEncoding = 4; lastKnownFileType = sourcecode.c.h; path = MJPerson.h; sourceTree = "<group>"; };
		D2B776CE191B959500CC9B4F /* MJPerson.m */ = {isa = PBXFileReference; fileEncoding = 4; lastKnownFileType = sourcecode.c.objc; path = MJPerson.m; sourceTree = "<group>"; };
		D2B776CF191B959500CC9B4F /* MJProject.h */ = {isa = PBXFileReference; fileEncoding = 4; lastKnownFileType = sourcecode.c.h; path = MJProject.h; sourceTree = "<group>"; };
		D2B776D0191B959500CC9B4F /* MJProject.m */ = {isa = PBXFileReference; fileEncoding = 4; lastKnownFileType = sourcecode.c.objc; path = MJProject.m; sourceTree = "<group>"; };
		D2B776D1191B959500CC9B4F /* data_25MB.json */ = {isa = PBXFileReference; fileEncoding = 4; lastKnownFileType = text.json; path = data_25MB.json; sourceTree = "<group>"; };
		D2B776D8191B95EA00CC9B4F /* MJPerformanceTest.h */ = {isa = PBXFileReference; fileEncoding = 4; lastKnownFileType = sourcecode.c.h; path = MJPerformanceTest.h; sourceTree = "<group>"; };
		D2B776D9191B95EA00CC9B4F /* MJPerformanceTest.m */ = {isa = PBXFileReference; fileEncoding = 4; lastKnownFileType = sourcecode.c.objc; path = MJPerformanceTest.m; sourceTree = "<group>"; };
		D2C3463318959EF2005B6B5C /* Motis.app */ = {isa = PBXFileReference; explicitFileType = wrapper.application; includeInIndex = 0; path = Motis.app; sourceTree = BUILT_PRODUCTS_DIR; };
		D2C3463618959EF2005B6B5C /* Foundation.framework */ = {isa = PBXFileReference; lastKnownFileType = wrapper.framework; name = Foundation.framework; path = System/Library/Frameworks/Foundation.framework; sourceTree = SDKROOT; };
		D2C3463818959EF2005B6B5C /* CoreGraphics.framework */ = {isa = PBXFileReference; lastKnownFileType = wrapper.framework; name = CoreGraphics.framework; path = System/Library/Frameworks/CoreGraphics.framework; sourceTree = SDKROOT; };
		D2C3463A18959EF2005B6B5C /* UIKit.framework */ = {isa = PBXFileReference; lastKnownFileType = wrapper.framework; name = UIKit.framework; path = System/Library/Frameworks/UIKit.framework; sourceTree = SDKROOT; };
		D2C3464F18959EF2005B6B5C /* XCTest.framework */ = {isa = PBXFileReference; lastKnownFileType = wrapper.framework; name = XCTest.framework; path = Library/Frameworks/XCTest.framework; sourceTree = DEVELOPER_DIR; };
		D2DF757718D746A800163BA8 /* MJAppDelegate.h */ = {isa = PBXFileReference; fileEncoding = 4; lastKnownFileType = sourcecode.c.h; name = MJAppDelegate.h; path = Motis/MJAppDelegate.h; sourceTree = SOURCE_ROOT; };
		D2DF757818D746A800163BA8 /* MJAppDelegate.m */ = {isa = PBXFileReference; fileEncoding = 4; lastKnownFileType = sourcecode.c.objc; name = MJAppDelegate.m; path = Motis/MJAppDelegate.m; sourceTree = SOURCE_ROOT; };
		D2DF757918D746A800163BA8 /* MJUser.h */ = {isa = PBXFileReference; fileEncoding = 4; lastKnownFileType = sourcecode.c.h; name = MJUser.h; path = Motis/MJUser.h; sourceTree = SOURCE_ROOT; };
		D2DF757A18D746A800163BA8 /* MJUser.m */ = {isa = PBXFileReference; fileEncoding = 4; lastKnownFileType = sourcecode.c.objc; name = MJUser.m; path = Motis/MJUser.m; sourceTree = SOURCE_ROOT; };
		D2DF757B18D746A800163BA8 /* MJVideo.h */ = {isa = PBXFileReference; fileEncoding = 4; lastKnownFileType = sourcecode.c.h; name = MJVideo.h; path = Motis/MJVideo.h; sourceTree = SOURCE_ROOT; };
		D2DF757C18D746A800163BA8 /* MJVideo.m */ = {isa = PBXFileReference; fileEncoding = 4; lastKnownFileType = sourcecode.c.objc; name = MJVideo.m; path = Motis/MJVideo.m; sourceTree = SOURCE_ROOT; };
		D2DF758018D746AF00163BA8 /* Images.xcassets */ = {isa = PBXFileReference; lastKnownFileType = folder.assetcatalog; name = Images.xcassets; path = Motis/Images.xcassets; sourceTree = SOURCE_ROOT; };
		D2DF758218D746C200163BA8 /* main.m */ = {isa = PBXFileReference; fileEncoding = 4; lastKnownFileType = sourcecode.c.objc; name = main.m; path = Motis/main.m; sourceTree = SOURCE_ROOT; };
		D2DF758318D746C200163BA8 /* Motis-Info.plist */ = {isa = PBXFileReference; fileEncoding = 4; lastKnownFileType = text.plist.xml; name = "Motis-Info.plist"; path = "Motis/Motis-Info.plist"; sourceTree = SOURCE_ROOT; };
		D2DF758418D746C200163BA8 /* Motis-Prefix.pch */ = {isa = PBXFileReference; fileEncoding = 4; lastKnownFileType = sourcecode.c.h; name = "Motis-Prefix.pch"; path = "Motis/Motis-Prefix.pch"; sourceTree = SOURCE_ROOT; };
		D2E3E02F190E8D82002BD141 /* MJHierarchyTest.m */ = {isa = PBXFileReference; fileEncoding = 4; lastKnownFileType = sourcecode.c.objc; path = MJHierarchyTest.m; sourceTree = "<group>"; };
		D2E3E032190E8D9E002BD141 /* MJParentObject.h */ = {isa = PBXFileReference; fileEncoding = 4; lastKnownFileType = sourcecode.c.h; name = MJParentObject.h; path = "Hierarchy Test/MJParentObject.h"; sourceTree = "<group>"; };
		D2E3E033190E8D9E002BD141 /* MJParentObject.m */ = {isa = PBXFileReference; fileEncoding = 4; lastKnownFileType = sourcecode.c.objc; name = MJParentObject.m; path = "Hierarchy Test/MJParentObject.m"; sourceTree = "<group>"; };
		D2E3E036190E8DBF002BD141 /* MJChildA.h */ = {isa = PBXFileReference; fileEncoding = 4; lastKnownFileType = sourcecode.c.h; name = MJChildA.h; path = "Hierarchy Test/MJChildA.h"; sourceTree = "<group>"; };
		D2E3E037190E8DBF002BD141 /* MJChildA.m */ = {isa = PBXFileReference; fileEncoding = 4; lastKnownFileType = sourcecode.c.objc; name = MJChildA.m; path = "Hierarchy Test/MJChildA.m"; sourceTree = "<group>"; };
		D2E3E039190E8DCA002BD141 /* MJChildB.h */ = {isa = PBXFileReference; fileEncoding = 4; lastKnownFileType = sourcecode.c.h; name = MJChildB.h; path = "Hierarchy Test/MJChildB.h"; sourceTree = "<group>"; };
		D2E3E03A190E8DCA002BD141 /* MJChildB.m */ = {isa = PBXFileReference; fileEncoding = 4; lastKnownFileType = sourcecode.c.objc; name = MJChildB.m; path = "Hierarchy Test/MJChildB.m"; sourceTree = "<group>"; };
/* End PBXFileReference section */

/* Begin PBXFrameworksBuildPhase section */
		D2A0544018D8A5B80050DE68 /* Frameworks */ = {
			isa = PBXFrameworksBuildPhase;
			buildActionMask = 2147483647;
			files = (
				D259644819017D670055799F /* Twitter.framework in Frameworks */,
				D2A0544418D8A5B80050DE68 /* XCTest.framework in Frameworks */,
				D2A0544618D8A5B80050DE68 /* UIKit.framework in Frameworks */,
				D2A0544518D8A5B80050DE68 /* Foundation.framework in Frameworks */,
			);
			runOnlyForDeploymentPostprocessing = 0;
		};
		D2C3463018959EF2005B6B5C /* Frameworks */ = {
			isa = PBXFrameworksBuildPhase;
			buildActionMask = 2147483647;
			files = (
				D2C3463918959EF2005B6B5C /* CoreGraphics.framework in Frameworks */,
				D2C3463B18959EF2005B6B5C /* UIKit.framework in Frameworks */,
				D2C3463718959EF2005B6B5C /* Foundation.framework in Frameworks */,
			);
			runOnlyForDeploymentPostprocessing = 0;
		};
/* End PBXFrameworksBuildPhase section */

/* Begin PBXGroup section */
		D21D6FAF18D7470D000E620B /* en.lproj */ = {
			isa = PBXGroup;
			children = (
				D21D6FB018D7470D000E620B /* InfoPlist.strings */,
			);
			name = en.lproj;
			path = Motis/en.lproj;
			sourceTree = SOURCE_ROOT;
		};
		D259644519017CCE0055799F /* Validation Test */ = {
			isa = PBXGroup;
			children = (
				D2A0545518D8A5CE0050DE68 /* MJTestObject.h */,
				D2A0545618D8A5CE0050DE68 /* MJTestObject.m */,
				D201AA0718DC2ED200E5F26D /* MJTestObject2.h */,
				D201AA0818DC2ED200E5F26D /* MJTestObject2.m */,
			);
			name = "Validation Test";
			sourceTree = "<group>";
		};
		D2A0544718D8A5B80050DE68 /* Motis Tests */ = {
			isa = PBXGroup;
			children = (
				D2A0544D18D8A5B80050DE68 /* MJValidationTest.m */,
				D259644519017CCE0055799F /* Validation Test */,
				D2E3E02F190E8D82002BD141 /* MJHierarchyTest.m */,
				D2E3E031190E8D88002BD141 /* Hierarchy Test */,
				D2A0544818D8A5B80050DE68 /* Supporting Files */,
			);
			path = "Motis Tests";
			sourceTree = "<group>";
		};
		D2A0544818D8A5B80050DE68 /* Supporting Files */ = {
			isa = PBXGroup;
			children = (
				D2A0544918D8A5B80050DE68 /* Motis Tests-Info.plist */,
				D2A0544A18D8A5B80050DE68 /* InfoPlist.strings */,
				D2A0544F18D8A5B80050DE68 /* Motis Tests-Prefix.pch */,
			);
			name = "Supporting Files";
			sourceTree = "<group>";
		};
		D2B776C4191B957000CC9B4F /* Motis */ = {
			isa = PBXGroup;
			children = (
				8758B81E18FD289C00666680 /* Motis.h */,
				D21D6FB318D74717000E620B /* NSObject+Motis.h */,
				D21D6FB418D74717000E620B /* NSObject+Motis.m */,
			);
			name = Motis;
			sourceTree = "<group>";
		};
		D2B776C5191B957700CC9B4F /* Example */ = {
			isa = PBXGroup;
			children = (
				D2DF757918D746A800163BA8 /* MJUser.h */,
				D2DF757A18D746A800163BA8 /* MJUser.m */,
				D2DF757B18D746A800163BA8 /* MJVideo.h */,
				D2DF757C18D746A800163BA8 /* MJVideo.m */,
			);
			name = Example;
			sourceTree = "<group>";
		};
		D2B776C6191B959500CC9B4F /* Performance Test */ = {
			isa = PBXGroup;
			children = (
				D2B776D8191B95EA00CC9B4F /* MJPerformanceTest.h */,
				D2B776D9191B95EA00CC9B4F /* MJPerformanceTest.m */,
				D2B776C7191B959500CC9B4F /* MJCompany.h */,
				D2B776C8191B959500CC9B4F /* MJCompany.m */,
				D2B776C9191B959500CC9B4F /* MJCountry.h */,
				D2B776CA191B959500CC9B4F /* MJCountry.m */,
				D2B776CB191B959500CC9B4F /* MJParser.h */,
				D2B776CC191B959500CC9B4F /* MJParser.m */,
				D2B776CD191B959500CC9B4F /* MJPerson.h */,
				D2B776CE191B959500CC9B4F /* MJPerson.m */,
				D2B776CF191B959500CC9B4F /* MJProject.h */,
				D2B776D0191B959500CC9B4F /* MJProject.m */,
				D2B776D1191B959500CC9B4F /* data_25MB.json */,
			);
			path = "Performance Test";
			sourceTree = "<group>";
		};
		D2C3462A18959EF2005B6B5C = {
			isa = PBXGroup;
			children = (
				D2C3463C18959EF2005B6B5C /* Motis */,
				D2A0544718D8A5B80050DE68 /* Motis Tests */,
				D2C3463518959EF2005B6B5C /* Frameworks */,
				D2C3463418959EF2005B6B5C /* Products */,
				D2B776BF191B945400CC9B4F /* Motis copy-Info.plist */,
			);
			sourceTree = "<group>";
		};
		D2C3463418959EF2005B6B5C /* Products */ = {
			isa = PBXGroup;
			children = (
				D2C3463318959EF2005B6B5C /* Motis.app */,
				D2A0544318D8A5B80050DE68 /* Motis Tests.xctest */,
			);
			name = Products;
			sourceTree = "<group>";
		};
		D2C3463518959EF2005B6B5C /* Frameworks */ = {
			isa = PBXGroup;
			children = (
				D259644719017D670055799F /* Twitter.framework */,
				D2C3463618959EF2005B6B5C /* Foundation.framework */,
				D2C3463818959EF2005B6B5C /* CoreGraphics.framework */,
				D2C3463A18959EF2005B6B5C /* UIKit.framework */,
				D2C3464F18959EF2005B6B5C /* XCTest.framework */,
			);
			name = Frameworks;
			sourceTree = "<group>";
		};
		D2C3463C18959EF2005B6B5C /* Motis */ = {
			isa = PBXGroup;
			children = (
				D2DF758018D746AF00163BA8 /* Images.xcassets */,
				D2DF757718D746A800163BA8 /* MJAppDelegate.h */,
				D2DF757818D746A800163BA8 /* MJAppDelegate.m */,
				D2B776C4191B957000CC9B4F /* Motis */,
				D2B776C5191B957700CC9B4F /* Example */,
				D2B776C6191B959500CC9B4F /* Performance Test */,
				D2C3463D18959EF2005B6B5C /* Supporting Files */,
			);
			path = Motis;
			sourceTree = "<group>";
		};
		D2C3463D18959EF2005B6B5C /* Supporting Files */ = {
			isa = PBXGroup;
			children = (
				D2DF758218D746C200163BA8 /* main.m */,
				D2DF758318D746C200163BA8 /* Motis-Info.plist */,
				D2DF758418D746C200163BA8 /* Motis-Prefix.pch */,
				D21D6FAF18D7470D000E620B /* en.lproj */,
			);
			name = "Supporting Files";
			sourceTree = "<group>";
		};
		D2E3E031190E8D88002BD141 /* Hierarchy Test */ = {
			isa = PBXGroup;
			children = (
				D2E3E032190E8D9E002BD141 /* MJParentObject.h */,
				D2E3E033190E8D9E002BD141 /* MJParentObject.m */,
				D2E3E036190E8DBF002BD141 /* MJChildA.h */,
				D2E3E037190E8DBF002BD141 /* MJChildA.m */,
				D2E3E039190E8DCA002BD141 /* MJChildB.h */,
				D2E3E03A190E8DCA002BD141 /* MJChildB.m */,
			);
			name = "Hierarchy Test";
			sourceTree = "<group>";
		};
/* End PBXGroup section */

/* Begin PBXNativeTarget section */
		D2A0544218D8A5B80050DE68 /* Motis Tests */ = {
			isa = PBXNativeTarget;
			buildConfigurationList = D2A0545418D8A5B80050DE68 /* Build configuration list for PBXNativeTarget "Motis Tests" */;
			buildPhases = (
				D2A0543F18D8A5B80050DE68 /* Sources */,
				D2A0544018D8A5B80050DE68 /* Frameworks */,
				D2A0544118D8A5B80050DE68 /* Resources */,
			);
			buildRules = (
			);
			dependencies = (
				D2A0545118D8A5B80050DE68 /* PBXTargetDependency */,
			);
			name = "Motis Tests";
			productName = "Motis Tests";
			productReference = D2A0544318D8A5B80050DE68 /* Motis Tests.xctest */;
			productType = "com.apple.product-type.bundle.unit-test";
		};
		D2C3463218959EF2005B6B5C /* Motis */ = {
			isa = PBXNativeTarget;
			buildConfigurationList = D2C3465F18959EF2005B6B5C /* Build configuration list for PBXNativeTarget "Motis" */;
			buildPhases = (
				D2C3462F18959EF2005B6B5C /* Sources */,
				D2C3463018959EF2005B6B5C /* Frameworks */,
				D2C3463118959EF2005B6B5C /* Resources */,
			);
			buildRules = (
			);
			dependencies = (
			);
			name = Motis;
			productName = Motis;
			productReference = D2C3463318959EF2005B6B5C /* Motis.app */;
			productType = "com.apple.product-type.application";
		};
/* End PBXNativeTarget section */

/* Begin PBXProject section */
		D2C3462B18959EF2005B6B5C /* Project object */ = {
			isa = PBXProject;
			attributes = {
				CLASSPREFIX = MJ;
				LastUpgradeCheck = 0510;
				ORGANIZATIONNAME = "Mobile Jazz";
				TargetAttributes = {
					D2A0544218D8A5B80050DE68 = {
						TestTargetID = D2C3463218959EF2005B6B5C;
					};
				};
			};
			buildConfigurationList = D2C3462E18959EF2005B6B5C /* Build configuration list for PBXProject "Motis" */;
			compatibilityVersion = "Xcode 3.2";
			developmentRegion = English;
			hasScannedForEncodings = 0;
			knownRegions = (
				en,
			);
			mainGroup = D2C3462A18959EF2005B6B5C;
			productRefGroup = D2C3463418959EF2005B6B5C /* Products */;
			projectDirPath = "";
			projectRoot = "";
			targets = (
				D2C3463218959EF2005B6B5C /* Motis */,
				D2A0544218D8A5B80050DE68 /* Motis Tests */,
			);
		};
/* End PBXProject section */

/* Begin PBXResourcesBuildPhase section */
		D2A0544118D8A5B80050DE68 /* Resources */ = {
			isa = PBXResourcesBuildPhase;
			buildActionMask = 2147483647;
			files = (
				D2A0544C18D8A5B80050DE68 /* InfoPlist.strings in Resources */,
			);
			runOnlyForDeploymentPostprocessing = 0;
		};
		D2C3463118959EF2005B6B5C /* Resources */ = {
			isa = PBXResourcesBuildPhase;
			buildActionMask = 2147483647;
			files = (
				D2B776D7191B959500CC9B4F /* data_25MB.json in Resources */,
				D2DF758118D746AF00163BA8 /* Images.xcassets in Resources */,
				D21D6FB218D7470D000E620B /* InfoPlist.strings in Resources */,
			);
			runOnlyForDeploymentPostprocessing = 0;
		};
/* End PBXResourcesBuildPhase section */

/* Begin PBXSourcesBuildPhase section */
		D2A0543F18D8A5B80050DE68 /* Sources */ = {
			isa = PBXSourcesBuildPhase;
			buildActionMask = 2147483647;
			files = (
				D2A0544E18D8A5B80050DE68 /* MJValidationTest.m in Sources */,
				D2E3E03B190E8DCA002BD141 /* MJChildB.m in Sources */,
				D201AA0918DC2ED200E5F26D /* MJTestObject2.m in Sources */,
				D2E3E038190E8DBF002BD141 /* MJChildA.m in Sources */,
				D2A0545718D8A5CE0050DE68 /* MJTestObject.m in Sources */,
				D2E3E034190E8D9E002BD141 /* MJParentObject.m in Sources */,
				D2E3E030190E8D82002BD141 /* MJHierarchyTest.m in Sources */,
			);
			runOnlyForDeploymentPostprocessing = 0;
		};
		D2C3462F18959EF2005B6B5C /* Sources */ = {
			isa = PBXSourcesBuildPhase;
			buildActionMask = 2147483647;
			files = (
				D2B776D5191B959500CC9B4F /* MJPerson.m in Sources */,
				D2DF757E18D746A800163BA8 /* MJUser.m in Sources */,
				D2B776D4191B959500CC9B4F /* MJParser.m in Sources */,
				D2DF757F18D746A800163BA8 /* MJVideo.m in Sources */,
				D2B776D2191B959500CC9B4F /* MJCompany.m in Sources */,
				D2B776D3191B959500CC9B4F /* MJCountry.m in Sources */,
				D2DF758518D746C200163BA8 /* main.m in Sources */,
				D2DF757D18D746A800163BA8 /* MJAppDelegate.m in Sources */,
				D2B776D6191B959500CC9B4F /* MJProject.m in Sources */,
				D2B776DA191B95EA00CC9B4F /* MJPerformanceTest.m in Sources */,
				D21D6FB518D74717000E620B /* NSObject+Motis.m in Sources */,
			);
			runOnlyForDeploymentPostprocessing = 0;
		};
/* End PBXSourcesBuildPhase section */

/* Begin PBXTargetDependency section */
		D2A0545118D8A5B80050DE68 /* PBXTargetDependency */ = {
			isa = PBXTargetDependency;
			target = D2C3463218959EF2005B6B5C /* Motis */;
			targetProxy = D2A0545018D8A5B80050DE68 /* PBXContainerItemProxy */;
		};
/* End PBXTargetDependency section */

/* Begin PBXVariantGroup section */
		D21D6FB018D7470D000E620B /* InfoPlist.strings */ = {
			isa = PBXVariantGroup;
			children = (
				D21D6FB118D7470D000E620B /* en */,
			);
			name = InfoPlist.strings;
			sourceTree = "<group>";
		};
		D2A0544A18D8A5B80050DE68 /* InfoPlist.strings */ = {
			isa = PBXVariantGroup;
			children = (
				D2A0544B18D8A5B80050DE68 /* en */,
			);
			name = InfoPlist.strings;
			sourceTree = "<group>";
		};
/* End PBXVariantGroup section */

/* Begin XCBuildConfiguration section */
		D2A0545218D8A5B80050DE68 /* Debug */ = {
			isa = XCBuildConfiguration;
			buildSettings = {
				BUNDLE_LOADER = "$(BUILT_PRODUCTS_DIR)/Motis.app/Motis";
				FRAMEWORK_SEARCH_PATHS = (
					"$(SDKROOT)/Developer/Library/Frameworks",
					"$(inherited)",
					"$(DEVELOPER_FRAMEWORKS_DIR)",
				);
				GCC_PRECOMPILE_PREFIX_HEADER = YES;
				GCC_PREFIX_HEADER = "Motis Tests/Motis Tests-Prefix.pch";
				GCC_PREPROCESSOR_DEFINITIONS = (
					"DEBUG=1",
					"$(inherited)",
				);
				GCC_WARN_UNINITIALIZED_AUTOS = YES_AGGRESSIVE;
				INFOPLIST_FILE = "Motis Tests/Motis Tests-Info.plist";
				IPHONEOS_DEPLOYMENT_TARGET = 7.1;
				PRODUCT_NAME = "$(TARGET_NAME)";
				TEST_HOST = "$(BUNDLE_LOADER)";
				WRAPPER_EXTENSION = xctest;
			};
			name = Debug;
		};
		D2A0545318D8A5B80050DE68 /* Release */ = {
			isa = XCBuildConfiguration;
			buildSettings = {
				BUNDLE_LOADER = "$(BUILT_PRODUCTS_DIR)/Motis.app/Motis";
				FRAMEWORK_SEARCH_PATHS = (
					"$(SDKROOT)/Developer/Library/Frameworks",
					"$(inherited)",
					"$(DEVELOPER_FRAMEWORKS_DIR)",
				);
				GCC_PRECOMPILE_PREFIX_HEADER = YES;
				GCC_PREFIX_HEADER = "Motis Tests/Motis Tests-Prefix.pch";
				GCC_WARN_UNINITIALIZED_AUTOS = YES_AGGRESSIVE;
				INFOPLIST_FILE = "Motis Tests/Motis Tests-Info.plist";
				IPHONEOS_DEPLOYMENT_TARGET = 7.1;
				PRODUCT_NAME = "$(TARGET_NAME)";
				TEST_HOST = "$(BUNDLE_LOADER)";
				WRAPPER_EXTENSION = xctest;
			};
			name = Release;
		};
		D2B776C0191B952000CC9B4F /* Performance Test */ = {
			isa = XCBuildConfiguration;
			buildSettings = {
				ALWAYS_SEARCH_USER_PATHS = NO;
				CLANG_CXX_LANGUAGE_STANDARD = "gnu++0x";
				CLANG_CXX_LIBRARY = "libc++";
				CLANG_ENABLE_MODULES = YES;
				CLANG_ENABLE_OBJC_ARC = YES;
				CLANG_WARN_BOOL_CONVERSION = YES;
				CLANG_WARN_CONSTANT_CONVERSION = YES;
				CLANG_WARN_DIRECT_OBJC_ISA_USAGE = YES_ERROR;
				CLANG_WARN_EMPTY_BODY = YES;
				CLANG_WARN_ENUM_CONVERSION = YES;
				CLANG_WARN_INT_CONVERSION = YES;
				CLANG_WARN_OBJC_ROOT_CLASS = YES_ERROR;
				CLANG_WARN__DUPLICATE_METHOD_MATCH = YES;
				"CODE_SIGN_IDENTITY[sdk=iphoneos*]" = "iPhone Developer";
				COPY_PHASE_STRIP = NO;
				GCC_C_LANGUAGE_STANDARD = gnu99;
				GCC_DYNAMIC_NO_PIC = NO;
				GCC_OPTIMIZATION_LEVEL = 0;
				GCC_PREPROCESSOR_DEFINITIONS = (
					"DEBUG=1",
					"$(inherited)",
				);
				GCC_SYMBOLS_PRIVATE_EXTERN = NO;
				GCC_WARN_64_TO_32_BIT_CONVERSION = YES;
				GCC_WARN_ABOUT_RETURN_TYPE = YES_ERROR;
				GCC_WARN_UNDECLARED_SELECTOR = YES;
				GCC_WARN_UNINITIALIZED_AUTOS = YES;
				GCC_WARN_UNUSED_FUNCTION = YES;
				GCC_WARN_UNUSED_VARIABLE = YES;
				IPHONEOS_DEPLOYMENT_TARGET = 7.0;
				ONLY_ACTIVE_ARCH = YES;
				SDKROOT = iphoneos;
			};
			name = "Performance Test";
		};
		D2B776C1191B952000CC9B4F /* Performance Test */ = {
			isa = XCBuildConfiguration;
			buildSettings = {
				ASSETCATALOG_COMPILER_APPICON_NAME = AppIcon;
				ASSETCATALOG_COMPILER_LAUNCHIMAGE_NAME = LaunchImage;
				GCC_PRECOMPILE_PREFIX_HEADER = YES;
				GCC_PREFIX_HEADER = "Motis/Motis-Prefix.pch";
				GCC_PREPROCESSOR_DEFINITIONS = (
					"DEBUG=1",
					"PERFORMANCE_TEST=1",
				);
				INFOPLIST_FILE = "Motis/Motis-Info.plist";
				PRODUCT_NAME = Motis;
				WRAPPER_EXTENSION = app;
			};
			name = "Performance Test";
		};
		D2B776C2191B952000CC9B4F /* Performance Test */ = {
			isa = XCBuildConfiguration;
			buildSettings = {
				BUNDLE_LOADER = "$(BUILT_PRODUCTS_DIR)/Motis.app/Motis";
				FRAMEWORK_SEARCH_PATHS = (
					"$(SDKROOT)/Developer/Library/Frameworks",
					"$(inherited)",
					"$(DEVELOPER_FRAMEWORKS_DIR)",
				);
				GCC_PRECOMPILE_PREFIX_HEADER = YES;
				GCC_PREFIX_HEADER = "Motis Tests/Motis Tests-Prefix.pch";
				GCC_PREPROCESSOR_DEFINITIONS = (
					"DEBUG=1",
					"$(inherited)",
				);
				GCC_WARN_UNINITIALIZED_AUTOS = YES_AGGRESSIVE;
				INFOPLIST_FILE = "Motis Tests/Motis Tests-Info.plist";
				IPHONEOS_DEPLOYMENT_TARGET = 7.1;
				PRODUCT_NAME = "$(TARGET_NAME)";
				TEST_HOST = "$(BUNDLE_LOADER)";
				WRAPPER_EXTENSION = xctest;
			};
			name = "Performance Test";
		};
		D2C3465D18959EF2005B6B5C /* Debug */ = {
			isa = XCBuildConfiguration;
			buildSettings = {
				ALWAYS_SEARCH_USER_PATHS = NO;
				CLANG_CXX_LANGUAGE_STANDARD = "gnu++0x";
				CLANG_CXX_LIBRARY = "libc++";
				CLANG_ENABLE_MODULES = YES;
				CLANG_ENABLE_OBJC_ARC = YES;
				CLANG_WARN_BOOL_CONVERSION = YES;
				CLANG_WARN_CONSTANT_CONVERSION = YES;
				CLANG_WARN_DIRECT_OBJC_ISA_USAGE = YES_ERROR;
				CLANG_WARN_EMPTY_BODY = YES;
				CLANG_WARN_ENUM_CONVERSION = YES;
				CLANG_WARN_INT_CONVERSION = YES;
				CLANG_WARN_OBJC_ROOT_CLASS = YES_ERROR;
				CLANG_WARN__DUPLICATE_METHOD_MATCH = YES;
				"CODE_SIGN_IDENTITY[sdk=iphoneos*]" = "iPhone Developer";
				COPY_PHASE_STRIP = NO;
				GCC_C_LANGUAGE_STANDARD = gnu99;
				GCC_DYNAMIC_NO_PIC = NO;
				GCC_OPTIMIZATION_LEVEL = 0;
				GCC_PREPROCESSOR_DEFINITIONS = (
					"DEBUG=1",
					"$(inherited)",
				);
				GCC_SYMBOLS_PRIVATE_EXTERN = NO;
				GCC_WARN_64_TO_32_BIT_CONVERSION = YES;
				GCC_WARN_ABOUT_RETURN_TYPE = YES_ERROR;
				GCC_WARN_UNDECLARED_SELECTOR = YES;
				GCC_WARN_UNINITIALIZED_AUTOS = YES;
				GCC_WARN_UNUSED_FUNCTION = YES;
				GCC_WARN_UNUSED_VARIABLE = YES;
				IPHONEOS_DEPLOYMENT_TARGET = 7.0;
				ONLY_ACTIVE_ARCH = YES;
				SDKROOT = iphoneos;
			};
			name = Debug;
		};
		D2C3465E18959EF2005B6B5C /* Release */ = {
			isa = XCBuildConfiguration;
			buildSettings = {
				ALWAYS_SEARCH_USER_PATHS = NO;
				CLANG_CXX_LANGUAGE_STANDARD = "gnu++0x";
				CLANG_CXX_LIBRARY = "libc++";
				CLANG_ENABLE_MODULES = YES;
				CLANG_ENABLE_OBJC_ARC = YES;
				CLANG_WARN_BOOL_CONVERSION = YES;
				CLANG_WARN_CONSTANT_CONVERSION = YES;
				CLANG_WARN_DIRECT_OBJC_ISA_USAGE = YES_ERROR;
				CLANG_WARN_EMPTY_BODY = YES;
				CLANG_WARN_ENUM_CONVERSION = YES;
				CLANG_WARN_INT_CONVERSION = YES;
				CLANG_WARN_OBJC_ROOT_CLASS = YES_ERROR;
				CLANG_WARN__DUPLICATE_METHOD_MATCH = YES;
				"CODE_SIGN_IDENTITY[sdk=iphoneos*]" = "iPhone Developer";
				COPY_PHASE_STRIP = YES;
				ENABLE_NS_ASSERTIONS = NO;
				GCC_C_LANGUAGE_STANDARD = gnu99;
				GCC_WARN_64_TO_32_BIT_CONVERSION = YES;
				GCC_WARN_ABOUT_RETURN_TYPE = YES_ERROR;
				GCC_WARN_UNDECLARED_SELECTOR = YES;
				GCC_WARN_UNINITIALIZED_AUTOS = YES;
				GCC_WARN_UNUSED_FUNCTION = YES;
				GCC_WARN_UNUSED_VARIABLE = YES;
				IPHONEOS_DEPLOYMENT_TARGET = 7.0;
				SDKROOT = iphoneos;
				VALIDATE_PRODUCT = YES;
			};
			name = Release;
		};
		D2C3466018959EF2005B6B5C /* Debug */ = {
			isa = XCBuildConfiguration;
			buildSettings = {
				ASSETCATALOG_COMPILER_APPICON_NAME = AppIcon;
				ASSETCATALOG_COMPILER_LAUNCHIMAGE_NAME = LaunchImage;
				GCC_PRECOMPILE_PREFIX_HEADER = YES;
				GCC_PREFIX_HEADER = "Motis/Motis-Prefix.pch";
				INFOPLIST_FILE = "Motis/Motis-Info.plist";
				PRODUCT_NAME = Motis;
				WRAPPER_EXTENSION = app;
			};
			name = Debug;
		};
		D2C3466118959EF2005B6B5C /* Release */ = {
			isa = XCBuildConfiguration;
			buildSettings = {
				ASSETCATALOG_COMPILER_APPICON_NAME = AppIcon;
				ASSETCATALOG_COMPILER_LAUNCHIMAGE_NAME = LaunchImage;
				GCC_PRECOMPILE_PREFIX_HEADER = YES;
				GCC_PREFIX_HEADER = "Motis/Motis-Prefix.pch";
				INFOPLIST_FILE = "Motis/Motis-Info.plist";
				PRODUCT_NAME = Motis;
				WRAPPER_EXTENSION = app;
			};
			name = Release;
		};
/* End XCBuildConfiguration section */

/* Begin XCConfigurationList section */
		D2A0545418D8A5B80050DE68 /* Build configuration list for PBXNativeTarget "Motis Tests" */ = {
			isa = XCConfigurationList;
			buildConfigurations = (
				D2A0545218D8A5B80050DE68 /* Debug */,
				D2B776C2191B952000CC9B4F /* Performance Test */,
				D2A0545318D8A5B80050DE68 /* Release */,
			);
			defaultConfigurationIsVisible = 0;
			defaultConfigurationName = Release;
		};
		D2C3462E18959EF2005B6B5C /* Build configuration list for PBXProject "Motis" */ = {
			isa = XCConfigurationList;
			buildConfigurations = (
				D2C3465D18959EF2005B6B5C /* Debug */,
				D2B776C0191B952000CC9B4F /* Performance Test */,
				D2C3465E18959EF2005B6B5C /* Release */,
			);
			defaultConfigurationIsVisible = 0;
			defaultConfigurationName = Release;
		};
		D2C3465F18959EF2005B6B5C /* Build configuration list for PBXNativeTarget "Motis" */ = {
			isa = XCConfigurationList;
			buildConfigurations = (
				D2C3466018959EF2005B6B5C /* Debug */,
				D2B776C1191B952000CC9B4F /* Performance Test */,
				D2C3466118959EF2005B6B5C /* Release */,
			);
			defaultConfigurationIsVisible = 0;
			defaultConfigurationName = Release;
		};
/* End XCConfigurationList section */
	};
	rootObject = D2C3462B18959EF2005B6B5C /* Project object */;
}
